
Microsoft Visual Studio Solution File, Format Version 12.00
# Visual Studio 14
VisualStudioVersion = 14.0.24720.0
MinimumVisualStudioVersion = 10.0.40219.1
Project("{FAE04EC0-301F-11D3-BF4B-00C04F79EFBC}") = "GenericTesting", "GenericTesting\GenericTesting.csproj", "{5DF8C118-ADA7-4C49-BAF2-964F4F6D2C1A}"
EndProject
Project("{00D1A9C2-B5F0-4AF3-8072-F6C62B433612}") = "TestDb", "Database1\TestDb.sqlproj", "{C0E73AC1-24B8-40D8-92C9-BF6BF5AA7C3C}"
EndProject
Project("{FAE04EC0-301F-11D3-BF4B-00C04F79EFBC}") = "EntityTesting", "EntityTesting\EntityTesting.csproj", "{9F179A93-C352-4320-A1B5-7FE1B4A516B0}"
EndProject
Project("{F184B08F-C81C-45F6-A57F-5ABD9991F28F}") = "VBConsoleTesting", "VBConsoleTesting\VBConsoleTesting.vbproj", "{918652DC-2577-40A6-AB7C-A9D275E4779C}"
EndProject
Project("{F184B08F-C81C-45F6-A57F-5ABD9991F28F}") = "CodeRunner", "CodeRunner\CodeRunner.vbproj", "{09D20F73-967C-492D-81DE-E8DBB02C4799}"
EndProject
Project("{F184B08F-C81C-45F6-A57F-5ABD9991F28F}") = "SimpleCalc", "SimpleCalc\SimpleCalc.vbproj", "{DD82534D-C26E-4CC5-987A-48E1A5B88232}"
EndProject
Project("{F184B08F-C81C-45F6-A57F-5ABD9991F28F}") = "VB_MVVM_Tester", "VB_MVVM_Tester\VB_MVVM_Tester.vbproj", "{1D899537-DFD0-4180-A121-6BF4AEE4CC01}"
EndProject
Project("{F184B08F-C81C-45F6-A57F-5ABD9991F28F}") = "GenericVBTesting", "GenericVBTesting\GenericVBTesting.vbproj", "{4B06306A-F1F6-4A9F-9F21-5863F8A93C46}"
EndProject
Global
	GlobalSection(SolutionConfigurationPlatforms) = preSolution
		Debug|Any CPU = Debug|Any CPU
		Release|Any CPU = Release|Any CPU
	EndGlobalSection
	GlobalSection(ProjectConfigurationPlatforms) = postSolution
		{5DF8C118-ADA7-4C49-BAF2-964F4F6D2C1A}.Debug|Any CPU.ActiveCfg = Debug|Any CPU
		{5DF8C118-ADA7-4C49-BAF2-964F4F6D2C1A}.Debug|Any CPU.Build.0 = Debug|Any CPU
		{5DF8C118-ADA7-4C49-BAF2-964F4F6D2C1A}.Release|Any CPU.ActiveCfg = Release|Any CPU
		{5DF8C118-ADA7-4C49-BAF2-964F4F6D2C1A}.Release|Any CPU.Build.0 = Release|Any CPU
		{C0E73AC1-24B8-40D8-92C9-BF6BF5AA7C3C}.Debug|Any CPU.ActiveCfg = Debug|Any CPU
		{C0E73AC1-24B8-40D8-92C9-BF6BF5AA7C3C}.Debug|Any CPU.Build.0 = Debug|Any CPU
		{C0E73AC1-24B8-40D8-92C9-BF6BF5AA7C3C}.Debug|Any CPU.Deploy.0 = Debug|Any CPU
		{C0E73AC1-24B8-40D8-92C9-BF6BF5AA7C3C}.Release|Any CPU.ActiveCfg = Release|Any CPU
		{C0E73AC1-24B8-40D8-92C9-BF6BF5AA7C3C}.Release|Any CPU.Build.0 = Release|Any CPU
		{C0E73AC1-24B8-40D8-92C9-BF6BF5AA7C3C}.Release|Any CPU.Deploy.0 = Release|Any CPU
		{9F179A93-C352-4320-A1B5-7FE1B4A516B0}.Debug|Any CPU.ActiveCfg = Debug|Any CPU
		{9F179A93-C352-4320-A1B5-7FE1B4A516B0}.Debug|Any CPU.Build.0 = Debug|Any CPU
		{9F179A93-C352-4320-A1B5-7FE1B4A516B0}.Release|Any CPU.ActiveCfg = Release|Any CPU
		{9F179A93-C352-4320-A1B5-7FE1B4A516B0}.Release|Any CPU.Build.0 = Release|Any CPU
		{918652DC-2577-40A6-AB7C-A9D275E4779C}.Debug|Any CPU.ActiveCfg = Debug|Any CPU
		{918652DC-2577-40A6-AB7C-A9D275E4779C}.Debug|Any CPU.Build.0 = Debug|Any CPU
		{918652DC-2577-40A6-AB7C-A9D275E4779C}.Release|Any CPU.ActiveCfg = Release|Any CPU
		{918652DC-2577-40A6-AB7C-A9D275E4779C}.Release|Any CPU.Build.0 = Release|Any CPU
		{09D20F73-967C-492D-81DE-E8DBB02C4799}.Debug|Any CPU.ActiveCfg = Debug|Any CPU
		{09D20F73-967C-492D-81DE-E8DBB02C4799}.Debug|Any CPU.Build.0 = Debug|Any CPU
		{09D20F73-967C-492D-81DE-E8DBB02C4799}.Release|Any CPU.ActiveCfg = Release|Any CPU
		{09D20F73-967C-492D-81DE-E8DBB02C4799}.Release|Any CPU.Build.0 = Release|Any CPU
		{DD82534D-C26E-4CC5-987A-48E1A5B88232}.Debug|Any CPU.ActiveCfg = Debug|Any CPU
		{DD82534D-C26E-4CC5-987A-48E1A5B88232}.Debug|Any CPU.Build.0 = Debug|Any CPU
		{DD82534D-C26E-4CC5-987A-48E1A5B88232}.Release|Any CPU.ActiveCfg = Release|Any CPU
		{DD82534D-C26E-4CC5-987A-48E1A5B88232}.Release|Any CPU.Build.0 = Release|Any CPU
		{1D899537-DFD0-4180-A121-6BF4AEE4CC01}.Debug|Any CPU.ActiveCfg = Debug|Any CPU
		{1D899537-DFD0-4180-A121-6BF4AEE4CC01}.Debug|Any CPU.Build.0 = Debug|Any CPU
		{1D899537-DFD0-4180-A121-6BF4AEE4CC01}.Release|Any CPU.ActiveCfg = Release|Any CPU
		{1D899537-DFD0-4180-A121-6BF4AEE4CC01}.Release|Any CPU.Build.0 = Release|Any CPU
		{4B06306A-F1F6-4A9F-9F21-5863F8A93C46}.Debug|Any CPU.ActiveCfg = Debug|Any CPU
		{4B06306A-F1F6-4A9F-9F21-5863F8A93C46}.Debug|Any CPU.Build.0 = Debug|Any CPU
		{4B06306A-F1F6-4A9F-9F21-5863F8A93C46}.Release|Any CPU.ActiveCfg = Release|Any CPU
		{4B06306A-F1F6-4A9F-9F21-5863F8A93C46}.Release|Any CPU.Build.0 = Release|Any CPU
	EndGlobalSection
	GlobalSection(SolutionProperties) = preSolution
		HideSolutionNode = FALSE
	EndGlobalSection
EndGlobal
