
Microsoft Visual Studio Solution File, Format Version 12.00
# Visual Studio 14
VisualStudioVersion = 14.0.22310.1
MinimumVisualStudioVersion = 10.0.40219.1
Project("{FAE04EC0-301F-11D3-BF4B-00C04F79EFBC}") = "GenericTesting", "GenericTesting\GenericTesting.csproj", "{5DF8C118-ADA7-4C49-BAF2-964F4F6D2C1A}"
EndProject
Global
	GlobalSection(SolutionConfigurationPlatforms) = preSolution
		Debug|Any CPU = Debug|Any CPU
		Release|Any CPU = Release|Any CPU
	EndGlobalSection
	GlobalSection(ProjectConfigurationPlatforms) = postSolution
		{5DF8C118-ADA7-4C49-BAF2-964F4F6D2C1A}.Debug|Any CPU.ActiveCfg = Debug|Any CPU
		{5DF8C118-ADA7-4C49-BAF2-964F4F6D2C1A}.Debug|Any CPU.Build.0 = Debug|Any CPU
		{5DF8C118-ADA7-4C49-BAF2-964F4F6D2C1A}.Release|Any CPU.ActiveCfg = Release|Any CPU
		{5DF8C118-ADA7-4C49-BAF2-964F4F6D2C1A}.Release|Any CPU.Build.0 = Release|Any CPU
	EndGlobalSection
	GlobalSection(SolutionProperties) = preSolution
		HideSolutionNode = FALSE
	EndGlobalSection
EndGlobal
