
Microsoft Visual Studio Solution File, Format Version 12.00
# Visual Studio 15
VisualStudioVersion = 15.0.26020.0
MinimumVisualStudioVersion = 10.0.40219.1
Project("{FAE04EC0-301F-11D3-BF4B-00C04F79EFBC}") = "GenericTesting", "GenericTesting\GenericTesting.csproj", "{5DF8C118-ADA7-4C49-BAF2-964F4F6D2C1A}"
EndProject
Project("{FAE04EC0-301F-11D3-BF4B-00C04F79EFBC}") = "EntityTesting", "EntityTesting\EntityTesting.csproj", "{9F179A93-C352-4320-A1B5-7FE1B4A516B0}"
EndProject
Project("{F184B08F-C81C-45F6-A57F-5ABD9991F28F}") = "CodeRunner", "CodeRunner\CodeRunner.vbproj", "{09D20F73-967C-492D-81DE-E8DBB02C4799}"
EndProject
Project("{F184B08F-C81C-45F6-A57F-5ABD9991F28F}") = "VB_MVVM_Tester", "VB_MVVM_Tester\VB_MVVM_Tester.vbproj", "{1D899537-DFD0-4180-A121-6BF4AEE4CC01}"
EndProject
Project("{F184B08F-C81C-45F6-A57F-5ABD9991F28F}") = "GenericVBTesting", "GenericVBTesting\GenericVBTesting.vbproj", "{4B06306A-F1F6-4A9F-9F21-5863F8A93C46}"
EndProject
Project("{F184B08F-C81C-45F6-A57F-5ABD9991F28F}") = "BingMaps", "BingMaps\BingMaps.vbproj", "{472A9B0A-E0C2-4B14-9E46-B40930D3D7D8}"
EndProject
Project("{FAE04EC0-301F-11D3-BF4B-00C04F79EFBC}") = "WPFCSharpTesting", "WPFCSharpTesting\WPFCSharpTesting.csproj", "{665035E6-2D0A-4D9E-8621-416F5CAF4C20}"
EndProject
Project("{00D1A9C2-B5F0-4AF3-8072-F6C62B433612}") = "DataLoader", "DataLoader\DataLoader.sqlproj", "{5A7F8B17-1882-40D0-9527-FC20B317EAFE}"
EndProject
Project("{F184B08F-C81C-45F6-A57F-5ABD9991F28F}") = "PathPlayland", "PathPlayland\PathPlayland.vbproj", "{0E2F99FE-479F-4698-8EC8-C26A643B5D5D}"
EndProject
Project("{F184B08F-C81C-45F6-A57F-5ABD9991F28F}") = "WindowsFormsExample", "WindowsFormsExample\WindowsFormsExample.vbproj", "{2A930020-75A4-4734-83F2-C3C77B0274FE}"
EndProject
Project("{F184B08F-C81C-45F6-A57F-5ABD9991F28F}") = "ADODataAccess", "ADODataAccess\ADODataAccess.vbproj", "{381ECF47-AE91-4337-B457-DF62C15AEAE9}"
EndProject
Project("{FAE04EC0-301F-11D3-BF4B-00C04F79EFBC}") = "Asynchronous C_Sharp 5.0", "Asynchronous C_Sharp 5.0\Asynchronous C_Sharp 5.0.csproj", "{5AC94E9E-FA36-47DF-9E69-8A14EA61D614}"
EndProject
Project("{FAE04EC0-301F-11D3-BF4B-00C04F79EFBC}") = "UnreliableWPFApplication", "UnreliableWPFApplication\UnreliableWPFApplication.csproj", "{ABCC8C36-99A4-4994-830A-F7DFE1F76267}"
EndProject
Project("{2150E333-8FDC-42A3-9474-1A3956D46DE8}") = "Getting Started with Async 5.0", "Getting Started with Async 5.0", "{BDC66876-72BB-42B9-9A20-7C480A046A79}"
EndProject
Project("{FAE04EC0-301F-11D3-BF4B-00C04F79EFBC}") = "ReliableWPFApplication", "ReliableWPFApplication\ReliableWPFApplication.csproj", "{127053DA-3050-4E48-BE49-99AA0D82468F}"
EndProject
Project("{FAE04EC0-301F-11D3-BF4B-00C04F79EFBC}") = "MyLogin", "MyLogin\MyLogin.csproj", "{8CE998CF-78E4-4F73-905E-2EBB0DB02563}"
EndProject
Project("{FAE04EC0-301F-11D3-BF4B-00C04F79EFBC}") = "AsyncAspNet", "AsyncAspNet\AsyncAspNet.csproj", "{0DF3E861-2158-4933-B0E0-F8D048708F14}"
EndProject
Project("{F2A71F9B-5D33-465A-A702-920D77279786}") = "FSharpTesting", "F Sharp Fundamentals\FSharpTesting.fsproj", "{317F9A09-CDC6-4CFB-9946-6480D3C5F18F}"
EndProject
Project("{FAE04EC0-301F-11D3-BF4B-00C04F79EFBC}") = "Generics", "Generics\Generics.csproj", "{96A74BA6-0204-4D8F-94A0-2440CE84ADAB}"
EndProject
Project("{FAE04EC0-301F-11D3-BF4B-00C04F79EFBC}") = "GenericsTests", "GenericsTests\GenericsTests.csproj", "{EE07E294-31C2-401F-8F91-BD9CD66A3421}"
EndProject
Project("{F184B08F-C81C-45F6-A57F-5ABD9991F28F}") = "WPFControls", "WPFControls\WPFControls.vbproj", "{CFD8E45D-08CC-419B-85DF-01014796D005}"
EndProject
Global
	GlobalSection(SolutionConfigurationPlatforms) = preSolution
		Debug|Any CPU = Debug|Any CPU
		Release|Any CPU = Release|Any CPU
	EndGlobalSection
	GlobalSection(ProjectConfigurationPlatforms) = postSolution
		{5DF8C118-ADA7-4C49-BAF2-964F4F6D2C1A}.Debug|Any CPU.ActiveCfg = Debug|Any CPU
		{5DF8C118-ADA7-4C49-BAF2-964F4F6D2C1A}.Debug|Any CPU.Build.0 = Debug|Any CPU
		{5DF8C118-ADA7-4C49-BAF2-964F4F6D2C1A}.Release|Any CPU.ActiveCfg = Release|Any CPU
		{5DF8C118-ADA7-4C49-BAF2-964F4F6D2C1A}.Release|Any CPU.Build.0 = Release|Any CPU
		{9F179A93-C352-4320-A1B5-7FE1B4A516B0}.Debug|Any CPU.ActiveCfg = Debug|Any CPU
		{9F179A93-C352-4320-A1B5-7FE1B4A516B0}.Debug|Any CPU.Build.0 = Debug|Any CPU
		{9F179A93-C352-4320-A1B5-7FE1B4A516B0}.Release|Any CPU.ActiveCfg = Release|Any CPU
		{9F179A93-C352-4320-A1B5-7FE1B4A516B0}.Release|Any CPU.Build.0 = Release|Any CPU
		{09D20F73-967C-492D-81DE-E8DBB02C4799}.Debug|Any CPU.ActiveCfg = Debug|Any CPU
		{09D20F73-967C-492D-81DE-E8DBB02C4799}.Debug|Any CPU.Build.0 = Debug|Any CPU
		{09D20F73-967C-492D-81DE-E8DBB02C4799}.Release|Any CPU.ActiveCfg = Release|Any CPU
		{09D20F73-967C-492D-81DE-E8DBB02C4799}.Release|Any CPU.Build.0 = Release|Any CPU
		{1D899537-DFD0-4180-A121-6BF4AEE4CC01}.Debug|Any CPU.ActiveCfg = Debug|Any CPU
		{1D899537-DFD0-4180-A121-6BF4AEE4CC01}.Debug|Any CPU.Build.0 = Debug|Any CPU
		{1D899537-DFD0-4180-A121-6BF4AEE4CC01}.Release|Any CPU.ActiveCfg = Release|Any CPU
		{1D899537-DFD0-4180-A121-6BF4AEE4CC01}.Release|Any CPU.Build.0 = Release|Any CPU
		{4B06306A-F1F6-4A9F-9F21-5863F8A93C46}.Debug|Any CPU.ActiveCfg = Debug|Any CPU
		{4B06306A-F1F6-4A9F-9F21-5863F8A93C46}.Debug|Any CPU.Build.0 = Debug|Any CPU
		{4B06306A-F1F6-4A9F-9F21-5863F8A93C46}.Release|Any CPU.ActiveCfg = Release|Any CPU
		{4B06306A-F1F6-4A9F-9F21-5863F8A93C46}.Release|Any CPU.Build.0 = Release|Any CPU
		{472A9B0A-E0C2-4B14-9E46-B40930D3D7D8}.Debug|Any CPU.ActiveCfg = Debug|Any CPU
		{472A9B0A-E0C2-4B14-9E46-B40930D3D7D8}.Debug|Any CPU.Build.0 = Debug|Any CPU
		{472A9B0A-E0C2-4B14-9E46-B40930D3D7D8}.Release|Any CPU.ActiveCfg = Release|Any CPU
		{472A9B0A-E0C2-4B14-9E46-B40930D3D7D8}.Release|Any CPU.Build.0 = Release|Any CPU
		{665035E6-2D0A-4D9E-8621-416F5CAF4C20}.Debug|Any CPU.ActiveCfg = Debug|Any CPU
		{665035E6-2D0A-4D9E-8621-416F5CAF4C20}.Debug|Any CPU.Build.0 = Debug|Any CPU
		{665035E6-2D0A-4D9E-8621-416F5CAF4C20}.Release|Any CPU.ActiveCfg = Release|Any CPU
		{665035E6-2D0A-4D9E-8621-416F5CAF4C20}.Release|Any CPU.Build.0 = Release|Any CPU
		{5A7F8B17-1882-40D0-9527-FC20B317EAFE}.Debug|Any CPU.ActiveCfg = Debug|Any CPU
		{5A7F8B17-1882-40D0-9527-FC20B317EAFE}.Debug|Any CPU.Build.0 = Debug|Any CPU
		{5A7F8B17-1882-40D0-9527-FC20B317EAFE}.Debug|Any CPU.Deploy.0 = Debug|Any CPU
		{5A7F8B17-1882-40D0-9527-FC20B317EAFE}.Release|Any CPU.ActiveCfg = Release|Any CPU
		{5A7F8B17-1882-40D0-9527-FC20B317EAFE}.Release|Any CPU.Build.0 = Release|Any CPU
		{5A7F8B17-1882-40D0-9527-FC20B317EAFE}.Release|Any CPU.Deploy.0 = Release|Any CPU
		{0E2F99FE-479F-4698-8EC8-C26A643B5D5D}.Debug|Any CPU.ActiveCfg = Debug|Any CPU
		{0E2F99FE-479F-4698-8EC8-C26A643B5D5D}.Debug|Any CPU.Build.0 = Debug|Any CPU
		{0E2F99FE-479F-4698-8EC8-C26A643B5D5D}.Release|Any CPU.ActiveCfg = Release|Any CPU
		{0E2F99FE-479F-4698-8EC8-C26A643B5D5D}.Release|Any CPU.Build.0 = Release|Any CPU
		{2A930020-75A4-4734-83F2-C3C77B0274FE}.Debug|Any CPU.ActiveCfg = Debug|Any CPU
		{2A930020-75A4-4734-83F2-C3C77B0274FE}.Debug|Any CPU.Build.0 = Debug|Any CPU
		{2A930020-75A4-4734-83F2-C3C77B0274FE}.Release|Any CPU.ActiveCfg = Release|Any CPU
		{2A930020-75A4-4734-83F2-C3C77B0274FE}.Release|Any CPU.Build.0 = Release|Any CPU
		{381ECF47-AE91-4337-B457-DF62C15AEAE9}.Debug|Any CPU.ActiveCfg = Debug|Any CPU
		{381ECF47-AE91-4337-B457-DF62C15AEAE9}.Debug|Any CPU.Build.0 = Debug|Any CPU
		{381ECF47-AE91-4337-B457-DF62C15AEAE9}.Release|Any CPU.ActiveCfg = Release|Any CPU
		{381ECF47-AE91-4337-B457-DF62C15AEAE9}.Release|Any CPU.Build.0 = Release|Any CPU
		{5AC94E9E-FA36-47DF-9E69-8A14EA61D614}.Debug|Any CPU.ActiveCfg = Debug|Any CPU
		{5AC94E9E-FA36-47DF-9E69-8A14EA61D614}.Debug|Any CPU.Build.0 = Debug|Any CPU
		{5AC94E9E-FA36-47DF-9E69-8A14EA61D614}.Release|Any CPU.ActiveCfg = Release|Any CPU
		{5AC94E9E-FA36-47DF-9E69-8A14EA61D614}.Release|Any CPU.Build.0 = Release|Any CPU
		{ABCC8C36-99A4-4994-830A-F7DFE1F76267}.Debug|Any CPU.ActiveCfg = Debug|Any CPU
		{ABCC8C36-99A4-4994-830A-F7DFE1F76267}.Debug|Any CPU.Build.0 = Debug|Any CPU
		{ABCC8C36-99A4-4994-830A-F7DFE1F76267}.Release|Any CPU.ActiveCfg = Release|Any CPU
		{ABCC8C36-99A4-4994-830A-F7DFE1F76267}.Release|Any CPU.Build.0 = Release|Any CPU
		{127053DA-3050-4E48-BE49-99AA0D82468F}.Debug|Any CPU.ActiveCfg = Debug|Any CPU
		{127053DA-3050-4E48-BE49-99AA0D82468F}.Debug|Any CPU.Build.0 = Debug|Any CPU
		{127053DA-3050-4E48-BE49-99AA0D82468F}.Release|Any CPU.ActiveCfg = Release|Any CPU
		{127053DA-3050-4E48-BE49-99AA0D82468F}.Release|Any CPU.Build.0 = Release|Any CPU
		{8CE998CF-78E4-4F73-905E-2EBB0DB02563}.Debug|Any CPU.ActiveCfg = Debug|Any CPU
		{8CE998CF-78E4-4F73-905E-2EBB0DB02563}.Debug|Any CPU.Build.0 = Debug|Any CPU
		{8CE998CF-78E4-4F73-905E-2EBB0DB02563}.Release|Any CPU.ActiveCfg = Release|Any CPU
		{8CE998CF-78E4-4F73-905E-2EBB0DB02563}.Release|Any CPU.Build.0 = Release|Any CPU
		{0DF3E861-2158-4933-B0E0-F8D048708F14}.Debug|Any CPU.ActiveCfg = Debug|Any CPU
		{0DF3E861-2158-4933-B0E0-F8D048708F14}.Debug|Any CPU.Build.0 = Debug|Any CPU
		{0DF3E861-2158-4933-B0E0-F8D048708F14}.Release|Any CPU.ActiveCfg = Release|Any CPU
		{0DF3E861-2158-4933-B0E0-F8D048708F14}.Release|Any CPU.Build.0 = Release|Any CPU
		{317F9A09-CDC6-4CFB-9946-6480D3C5F18F}.Debug|Any CPU.ActiveCfg = Debug|Any CPU
		{317F9A09-CDC6-4CFB-9946-6480D3C5F18F}.Debug|Any CPU.Build.0 = Debug|Any CPU
		{317F9A09-CDC6-4CFB-9946-6480D3C5F18F}.Release|Any CPU.ActiveCfg = Release|Any CPU
		{317F9A09-CDC6-4CFB-9946-6480D3C5F18F}.Release|Any CPU.Build.0 = Release|Any CPU
		{96A74BA6-0204-4D8F-94A0-2440CE84ADAB}.Debug|Any CPU.ActiveCfg = Debug|Any CPU
		{96A74BA6-0204-4D8F-94A0-2440CE84ADAB}.Debug|Any CPU.Build.0 = Debug|Any CPU
		{96A74BA6-0204-4D8F-94A0-2440CE84ADAB}.Release|Any CPU.ActiveCfg = Release|Any CPU
		{96A74BA6-0204-4D8F-94A0-2440CE84ADAB}.Release|Any CPU.Build.0 = Release|Any CPU
		{EE07E294-31C2-401F-8F91-BD9CD66A3421}.Debug|Any CPU.ActiveCfg = Debug|Any CPU
		{EE07E294-31C2-401F-8F91-BD9CD66A3421}.Debug|Any CPU.Build.0 = Debug|Any CPU
		{EE07E294-31C2-401F-8F91-BD9CD66A3421}.Release|Any CPU.ActiveCfg = Release|Any CPU
		{EE07E294-31C2-401F-8F91-BD9CD66A3421}.Release|Any CPU.Build.0 = Release|Any CPU
		{CFD8E45D-08CC-419B-85DF-01014796D005}.Debug|Any CPU.ActiveCfg = Debug|Any CPU
		{CFD8E45D-08CC-419B-85DF-01014796D005}.Debug|Any CPU.Build.0 = Debug|Any CPU
		{CFD8E45D-08CC-419B-85DF-01014796D005}.Release|Any CPU.ActiveCfg = Release|Any CPU
		{CFD8E45D-08CC-419B-85DF-01014796D005}.Release|Any CPU.Build.0 = Release|Any CPU
	EndGlobalSection
	GlobalSection(SolutionProperties) = preSolution
		HideSolutionNode = FALSE
	EndGlobalSection
	GlobalSection(NestedProjects) = preSolution
		{ABCC8C36-99A4-4994-830A-F7DFE1F76267} = {BDC66876-72BB-42B9-9A20-7C480A046A79}
		{127053DA-3050-4E48-BE49-99AA0D82468F} = {BDC66876-72BB-42B9-9A20-7C480A046A79}
		{8CE998CF-78E4-4F73-905E-2EBB0DB02563} = {BDC66876-72BB-42B9-9A20-7C480A046A79}
		{0DF3E861-2158-4933-B0E0-F8D048708F14} = {BDC66876-72BB-42B9-9A20-7C480A046A79}
	EndGlobalSection
EndGlobal
